// !$*UTF8*$!
{
	archiveVersion = 1;
	classes = {
	};
	objectVersion = 46;
	objects = {

/* Begin PBXBuildFile section */
		E2975D111A14C417000A1507 /* AppDelegate.swift in Sources */ = {isa = PBXBuildFile; fileRef = E2975D101A14C417000A1507 /* AppDelegate.swift */; };
		E2975D131A14C417000A1507 /* ViewController.swift in Sources */ = {isa = PBXBuildFile; fileRef = E2975D121A14C417000A1507 /* ViewController.swift */; };
		E2975D151A14C417000A1507 /* Images.xcassets in Resources */ = {isa = PBXBuildFile; fileRef = E2975D141A14C417000A1507 /* Images.xcassets */; };
		E2975D181A14C417000A1507 /* Main.storyboard in Resources */ = {isa = PBXBuildFile; fileRef = E2975D161A14C417000A1507 /* Main.storyboard */; };
		E2975D241A14C417000A1507 /* RestLadyTests.swift in Sources */ = {isa = PBXBuildFile; fileRef = E2975D231A14C417000A1507 /* RestLadyTests.swift */; };
		E2975D381A14C4A7000A1507 /* Alamofire.framework in Frameworks */ = {isa = PBXBuildFile; fileRef = E2975D331A14C486000A1507 /* Alamofire.framework */; };
		E2975D3A1A14C533000A1507 /* Alamofire.framework in Copy Frameworks */ = {isa = PBXBuildFile; fileRef = E2975D331A14C486000A1507 /* Alamofire.framework */; settings = {ATTRIBUTES = (CodeSignOnCopy, RemoveHeadersOnCopy, ); }; };
/* End PBXBuildFile section */

/* Begin PBXContainerItemProxy section */
		E2975D1E1A14C417000A1507 /* PBXContainerItemProxy */ = {
			isa = PBXContainerItemProxy;
			containerPortal = E2975D031A14C417000A1507 /* Project object */;
			proxyType = 1;
			remoteGlobalIDString = E2975D0A1A14C417000A1507;
			remoteInfo = RestLady;
		};
		E2975D321A14C486000A1507 /* PBXContainerItemProxy */ = {
			isa = PBXContainerItemProxy;
			containerPortal = E2975D2D1A14C486000A1507 /* Alamofire.xcodeproj */;
			proxyType = 2;
			remoteGlobalIDString = F8111E3319A95C8B0040E7D1;
			remoteInfo = Alamofire;
		};
		E2975D341A14C486000A1507 /* PBXContainerItemProxy */ = {
			isa = PBXContainerItemProxy;
			containerPortal = E2975D2D1A14C486000A1507 /* Alamofire.xcodeproj */;
			proxyType = 2;
			remoteGlobalIDString = F8111E3E19A95C8B0040E7D1;
			remoteInfo = AlamofireTests;
		};
		E2975D361A14C49A000A1507 /* PBXContainerItemProxy */ = {
			isa = PBXContainerItemProxy;
			containerPortal = E2975D2D1A14C486000A1507 /* Alamofire.xcodeproj */;
			proxyType = 1;
			remoteGlobalIDString = F8111E3219A95C8B0040E7D1;
			remoteInfo = Alamofire;
		};
/* End PBXContainerItemProxy section */

/* Begin PBXCopyFilesBuildPhase section */
		E2975D391A14C522000A1507 /* Copy Frameworks */ = {
			isa = PBXCopyFilesBuildPhase;
			buildActionMask = 2147483647;
			dstPath = "";
			dstSubfolderSpec = 7;
			files = (
				E2975D3A1A14C533000A1507 /* Alamofire.framework in Copy Frameworks */,
			);
			name = "Copy Frameworks";
			runOnlyForDeploymentPostprocessing = 0;
		};
/* End PBXCopyFilesBuildPhase section */

/* Begin PBXFileReference section */
		E2975D0B1A14C417000A1507 /* RestLady.app */ = {isa = PBXFileReference; explicitFileType = wrapper.application; includeInIndex = 0; path = RestLady.app; sourceTree = BUILT_PRODUCTS_DIR; };
		E2975D0F1A14C417000A1507 /* Info.plist */ = {isa = PBXFileReference; lastKnownFileType = text.plist.xml; path = Info.plist; sourceTree = "<group>"; };
		E2975D101A14C417000A1507 /* AppDelegate.swift */ = {isa = PBXFileReference; lastKnownFileType = sourcecode.swift; path = AppDelegate.swift; sourceTree = "<group>"; };
		E2975D121A14C417000A1507 /* ViewController.swift */ = {isa = PBXFileReference; lastKnownFileType = sourcecode.swift; path = ViewController.swift; sourceTree = "<group>"; };
		E2975D141A14C417000A1507 /* Images.xcassets */ = {isa = PBXFileReference; lastKnownFileType = folder.assetcatalog; path = Images.xcassets; sourceTree = "<group>"; };
		E2975D171A14C417000A1507 /* Base */ = {isa = PBXFileReference; lastKnownFileType = file.storyboard; name = Base; path = Base.lproj/Main.storyboard; sourceTree = "<group>"; };
		E2975D1D1A14C417000A1507 /* RestLadyTests.xctest */ = {isa = PBXFileReference; explicitFileType = wrapper.cfbundle; includeInIndex = 0; path = RestLadyTests.xctest; sourceTree = BUILT_PRODUCTS_DIR; };
		E2975D221A14C417000A1507 /* Info.plist */ = {isa = PBXFileReference; lastKnownFileType = text.plist.xml; path = Info.plist; sourceTree = "<group>"; };
		E2975D231A14C417000A1507 /* RestLadyTests.swift */ = {isa = PBXFileReference; lastKnownFileType = sourcecode.swift; path = RestLadyTests.swift; sourceTree = "<group>"; };
		E2975D2D1A14C486000A1507 /* Alamofire.xcodeproj */ = {isa = PBXFileReference; lastKnownFileType = "wrapper.pb-project"; name = Alamofire.xcodeproj; path = Alamofire/Alamofire.xcodeproj; sourceTree = "<group>"; };
/* End PBXFileReference section */

/* Begin PBXFrameworksBuildPhase section */
		E2975D081A14C417000A1507 /* Frameworks */ = {
			isa = PBXFrameworksBuildPhase;
			buildActionMask = 2147483647;
			files = (
				E2975D381A14C4A7000A1507 /* Alamofire.framework in Frameworks */,
			);
			runOnlyForDeploymentPostprocessing = 0;
		};
		E2975D1A1A14C417000A1507 /* Frameworks */ = {
			isa = PBXFrameworksBuildPhase;
			buildActionMask = 2147483647;
			files = (
			);
			runOnlyForDeploymentPostprocessing = 0;
		};
/* End PBXFrameworksBuildPhase section */

/* Begin PBXGroup section */
		E2975D021A14C417000A1507 = {
			isa = PBXGroup;
			children = (
				E2975D0D1A14C417000A1507 /* RestLady */,
				E2975D201A14C417000A1507 /* RestLadyTests */,
				E2975D0C1A14C417000A1507 /* Products */,
				E2975D2D1A14C486000A1507 /* Alamofire.xcodeproj */,
			);
			sourceTree = "<group>";
		};
		E2975D0C1A14C417000A1507 /* Products */ = {
			isa = PBXGroup;
			children = (
				E2975D0B1A14C417000A1507 /* RestLady.app */,
				E2975D1D1A14C417000A1507 /* RestLadyTests.xctest */,
			);
			name = Products;
			sourceTree = "<group>";
		};
		E2975D0D1A14C417000A1507 /* RestLady */ = {
			isa = PBXGroup;
			children = (
				E2975D101A14C417000A1507 /* AppDelegate.swift */,
				E2975D121A14C417000A1507 /* ViewController.swift */,
				E2975D141A14C417000A1507 /* Images.xcassets */,
				E2975D161A14C417000A1507 /* Main.storyboard */,
				E2975D0E1A14C417000A1507 /* Supporting Files */,
			);
			path = RestLady;
			sourceTree = "<group>";
		};
		E2975D0E1A14C417000A1507 /* Supporting Files */ = {
			isa = PBXGroup;
			children = (
				E2975D0F1A14C417000A1507 /* Info.plist */,
			);
			name = "Supporting Files";
			sourceTree = "<group>";
		};
		E2975D201A14C417000A1507 /* RestLadyTests */ = {
			isa = PBXGroup;
			children = (
				E2975D231A14C417000A1507 /* RestLadyTests.swift */,
				E2975D211A14C417000A1507 /* Supporting Files */,
			);
			path = RestLadyTests;
			sourceTree = "<group>";
		};
		E2975D211A14C417000A1507 /* Supporting Files */ = {
			isa = PBXGroup;
			children = (
				E2975D221A14C417000A1507 /* Info.plist */,
			);
			name = "Supporting Files";
			sourceTree = "<group>";
		};
		E2975D2E1A14C486000A1507 /* Products */ = {
			isa = PBXGroup;
			children = (
				E2975D331A14C486000A1507 /* Alamofire.framework */,
				E2975D351A14C486000A1507 /* AlamofireTests.xctest */,
			);
			name = Products;
			sourceTree = "<group>";
		};
/* End PBXGroup section */

/* Begin PBXNativeTarget section */
		E2975D0A1A14C417000A1507 /* RestLady */ = {
			isa = PBXNativeTarget;
			buildConfigurationList = E2975D271A14C417000A1507 /* Build configuration list for PBXNativeTarget "RestLady" */;
			buildPhases = (
				E2975D071A14C417000A1507 /* Sources */,
				E2975D081A14C417000A1507 /* Frameworks */,
				E2975D091A14C417000A1507 /* Resources */,
				E2975D391A14C522000A1507 /* Copy Frameworks */,
			);
			buildRules = (
			);
			dependencies = (
				E2975D371A14C49A000A1507 /* PBXTargetDependency */,
			);
			name = RestLady;
			productName = RestLady;
			productReference = E2975D0B1A14C417000A1507 /* RestLady.app */;
			productType = "com.apple.product-type.application";
		};
		E2975D1C1A14C417000A1507 /* RestLadyTests */ = {
			isa = PBXNativeTarget;
			buildConfigurationList = E2975D2A1A14C417000A1507 /* Build configuration list for PBXNativeTarget "RestLadyTests" */;
			buildPhases = (
				E2975D191A14C417000A1507 /* Sources */,
				E2975D1A1A14C417000A1507 /* Frameworks */,
				E2975D1B1A14C417000A1507 /* Resources */,
			);
			buildRules = (
			);
			dependencies = (
				E2975D1F1A14C417000A1507 /* PBXTargetDependency */,
			);
			name = RestLadyTests;
			productName = RestLadyTests;
			productReference = E2975D1D1A14C417000A1507 /* RestLadyTests.xctest */;
			productType = "com.apple.product-type.bundle.unit-test";
		};
/* End PBXNativeTarget section */

/* Begin PBXProject section */
		E2975D031A14C417000A1507 /* Project object */ = {
			isa = PBXProject;
			attributes = {
				LastUpgradeCheck = 0610;
				ORGANIZATIONNAME = "Li JinMa";
				TargetAttributes = {
					E2975D0A1A14C417000A1507 = {
						CreatedOnToolsVersion = 6.1;
					};
					E2975D1C1A14C417000A1507 = {
						CreatedOnToolsVersion = 6.1;
						TestTargetID = E2975D0A1A14C417000A1507;
					};
				};
			};
			buildConfigurationList = E2975D061A14C417000A1507 /* Build configuration list for PBXProject "RestLady" */;
			compatibilityVersion = "Xcode 3.2";
			developmentRegion = English;
			hasScannedForEncodings = 0;
			knownRegions = (
				en,
				Base,
			);
			mainGroup = E2975D021A14C417000A1507;
			productRefGroup = E2975D0C1A14C417000A1507 /* Products */;
			projectDirPath = "";
			projectReferences = (
				{
					ProductGroup = E2975D2E1A14C486000A1507 /* Products */;
					ProjectRef = E2975D2D1A14C486000A1507 /* Alamofire.xcodeproj */;
				},
			);
			projectRoot = "";
			targets = (
				E2975D0A1A14C417000A1507 /* RestLady */,
				E2975D1C1A14C417000A1507 /* RestLadyTests */,
			);
		};
/* End PBXProject section */

/* Begin PBXReferenceProxy section */
		E2975D331A14C486000A1507 /* Alamofire.framework */ = {
			isa = PBXReferenceProxy;
			fileType = wrapper.framework;
			path = Alamofire.framework;
			remoteRef = E2975D321A14C486000A1507 /* PBXContainerItemProxy */;
			sourceTree = BUILT_PRODUCTS_DIR;
		};
		E2975D351A14C486000A1507 /* AlamofireTests.xctest */ = {
			isa = PBXReferenceProxy;
			fileType = wrapper.cfbundle;
			path = AlamofireTests.xctest;
			remoteRef = E2975D341A14C486000A1507 /* PBXContainerItemProxy */;
			sourceTree = BUILT_PRODUCTS_DIR;
		};
/* End PBXReferenceProxy section */

/* Begin PBXResourcesBuildPhase section */
		E2975D091A14C417000A1507 /* Resources */ = {
			isa = PBXResourcesBuildPhase;
			buildActionMask = 2147483647;
			files = (
				E2975D151A14C417000A1507 /* Images.xcassets in Resources */,
				E2975D181A14C417000A1507 /* Main.storyboard in Resources */,
			);
			runOnlyForDeploymentPostprocessing = 0;
		};
		E2975D1B1A14C417000A1507 /* Resources */ = {
			isa = PBXResourcesBuildPhase;
			buildActionMask = 2147483647;
			files = (
			);
			runOnlyForDeploymentPostprocessing = 0;
		};
/* End PBXResourcesBuildPhase section */

/* Begin PBXSourcesBuildPhase section */
		E2975D071A14C417000A1507 /* Sources */ = {
			isa = PBXSourcesBuildPhase;
			buildActionMask = 2147483647;
			files = (
				E2975D131A14C417000A1507 /* ViewController.swift in Sources */,
				E2975D111A14C417000A1507 /* AppDelegate.swift in Sources */,
			);
			runOnlyForDeploymentPostprocessing = 0;
		};
		E2975D191A14C417000A1507 /* Sources */ = {
			isa = PBXSourcesBuildPhase;
			buildActionMask = 2147483647;
			files = (
				E2975D241A14C417000A1507 /* RestLadyTests.swift in Sources */,
			);
			runOnlyForDeploymentPostprocessing = 0;
		};
/* End PBXSourcesBuildPhase section */

/* Begin PBXTargetDependency section */
		E2975D1F1A14C417000A1507 /* PBXTargetDependency */ = {
			isa = PBXTargetDependency;
			target = E2975D0A1A14C417000A1507 /* RestLady */;
			targetProxy = E2975D1E1A14C417000A1507 /* PBXContainerItemProxy */;
		};
		E2975D371A14C49A000A1507 /* PBXTargetDependency */ = {
			isa = PBXTargetDependency;
			name = Alamofire;
			targetProxy = E2975D361A14C49A000A1507 /* PBXContainerItemProxy */;
		};
/* End PBXTargetDependency section */

/* Begin PBXVariantGroup section */
		E2975D161A14C417000A1507 /* Main.storyboard */ = {
			isa = PBXVariantGroup;
			children = (
				E2975D171A14C417000A1507 /* Base */,
			);
			name = Main.storyboard;
			sourceTree = "<group>";
		};
/* End PBXVariantGroup section */

/* Begin XCBuildConfiguration section */
		E2975D251A14C417000A1507 /* Debug */ = {
			isa = XCBuildConfiguration;
			buildSettings = {
				ALWAYS_SEARCH_USER_PATHS = NO;
				CLANG_CXX_LANGUAGE_STANDARD = "gnu++0x";
				CLANG_CXX_LIBRARY = "libc++";
				CLANG_ENABLE_MODULES = YES;
				CLANG_ENABLE_OBJC_ARC = YES;
				CLANG_WARN_BOOL_CONVERSION = YES;
				CLANG_WARN_CONSTANT_CONVERSION = YES;
				CLANG_WARN_DIRECT_OBJC_ISA_USAGE = YES_ERROR;
				CLANG_WARN_EMPTY_BODY = YES;
				CLANG_WARN_ENUM_CONVERSION = YES;
				CLANG_WARN_INT_CONVERSION = YES;
				CLANG_WARN_OBJC_ROOT_CLASS = YES_ERROR;
				CLANG_WARN_UNREACHABLE_CODE = YES;
				CLANG_WARN__DUPLICATE_METHOD_MATCH = YES;
				CODE_SIGN_IDENTITY = "-";
				COPY_PHASE_STRIP = NO;
				ENABLE_STRICT_OBJC_MSGSEND = YES;
				GCC_C_LANGUAGE_STANDARD = gnu99;
				GCC_DYNAMIC_NO_PIC = NO;
				GCC_OPTIMIZATION_LEVEL = 0;
				GCC_PREPROCESSOR_DEFINITIONS = (
					"DEBUG=1",
					"$(inherited)",
				);
				GCC_SYMBOLS_PRIVATE_EXTERN = NO;
				GCC_WARN_64_TO_32_BIT_CONVERSION = YES;
				GCC_WARN_ABOUT_RETURN_TYPE = YES_ERROR;
				GCC_WARN_UNDECLARED_SELECTOR = YES;
				GCC_WARN_UNINITIALIZED_AUTOS = YES_AGGRESSIVE;
				GCC_WARN_UNUSED_FUNCTION = YES;
				GCC_WARN_UNUSED_VARIABLE = YES;
				MACOSX_DEPLOYMENT_TARGET = 10.10;
				MTL_ENABLE_DEBUG_INFO = YES;
				ONLY_ACTIVE_ARCH = YES;
				SDKROOT = macosx;
				SWIFT_OPTIMIZATION_LEVEL = "-Onone";
			};
			name = Debug;
		};
		E2975D261A14C417000A1507 /* Release */ = {
			isa = XCBuildConfiguration;
			buildSettings = {
				ALWAYS_SEARCH_USER_PATHS = NO;
				CLANG_CXX_LANGUAGE_STANDARD = "gnu++0x";
				CLANG_CXX_LIBRARY = "libc++";
				CLANG_ENABLE_MODULES = YES;
				CLANG_ENABLE_OBJC_ARC = YES;
				CLANG_WARN_BOOL_CONVERSION = YES;
				CLANG_WARN_CONSTANT_CONVERSION = YES;
				CLANG_WARN_DIRECT_OBJC_ISA_USAGE = YES_ERROR;
				CLANG_WARN_EMPTY_BODY = YES;
				CLANG_WARN_ENUM_CONVERSION = YES;
				CLANG_WARN_INT_CONVERSION = YES;
				CLANG_WARN_OBJC_ROOT_CLASS = YES_ERROR;
				CLANG_WARN_UNREACHABLE_CODE = YES;
				CLANG_WARN__DUPLICATE_METHOD_MATCH = YES;
				CODE_SIGN_IDENTITY = "-";
				COPY_PHASE_STRIP = YES;
				DEBUG_INFORMATION_FORMAT = "dwarf-with-dsym";
				ENABLE_NS_ASSERTIONS = NO;
				ENABLE_STRICT_OBJC_MSGSEND = YES;
				GCC_C_LANGUAGE_STANDARD = gnu99;
				GCC_WARN_64_TO_32_BIT_CONVERSION = YES;
				GCC_WARN_ABOUT_RETURN_TYPE = YES_ERROR;
				GCC_WARN_UNDECLARED_SELECTOR = YES;
				GCC_WARN_UNINITIALIZED_AUTOS = YES_AGGRESSIVE;
				GCC_WARN_UNUSED_FUNCTION = YES;
				GCC_WARN_UNUSED_VARIABLE = YES;
				MACOSX_DEPLOYMENT_TARGET = 10.10;
				MTL_ENABLE_DEBUG_INFO = NO;
				SDKROOT = macosx;
			};
			name = Release;
		};
		E2975D281A14C417000A1507 /* Debug */ = {
			isa = XCBuildConfiguration;
			buildSettings = {
				ASSETCATALOG_COMPILER_APPICON_NAME = AppIcon;
				COMBINE_HIDPI_IMAGES = YES;
				INFOPLIST_FILE = RestLady/Info.plist;
				LD_RUNPATH_SEARCH_PATHS = "$(inherited) @executable_path/../Frameworks";
				PRODUCT_NAME = "$(TARGET_NAME)";
			};
			name = Debug;
		};
		E2975D291A14C417000A1507 /* Release */ = {
			isa = XCBuildConfiguration;
			buildSettings = {
				ASSETCATALOG_COMPILER_APPICON_NAME = AppIcon;
				COMBINE_HIDPI_IMAGES = YES;
				INFOPLIST_FILE = RestLady/Info.plist;
				LD_RUNPATH_SEARCH_PATHS = "$(inherited) @executable_path/../Frameworks";
				PRODUCT_NAME = "$(TARGET_NAME)";
			};
			name = Release;
		};
		E2975D2B1A14C417000A1507 /* Debug */ = {
			isa = XCBuildConfiguration;
			buildSettings = {
				BUNDLE_LOADER = "$(TEST_HOST)";
				COMBINE_HIDPI_IMAGES = YES;
				FRAMEWORK_SEARCH_PATHS = (
					"$(DEVELOPER_FRAMEWORKS_DIR)",
					"$(inherited)",
				);
				GCC_PREPROCESSOR_DEFINITIONS = (
					"DEBUG=1",
					"$(inherited)",
				);
				INFOPLIST_FILE = RestLadyTests/Info.plist;
				LD_RUNPATH_SEARCH_PATHS = "$(inherited) @executable_path/../Frameworks @loader_path/../Frameworks";
				PRODUCT_NAME = "$(TARGET_NAME)";
				TEST_HOST = "$(BUILT_PRODUCTS_DIR)/RestLady.app/Contents/MacOS/RestLady";
			};
			name = Debug;
		};
		E2975D2C1A14C417000A1507 /* Release */ = {
			isa = XCBuildConfiguration;
			buildSettings = {
				BUNDLE_LOADER = "$(TEST_HOST)";
				COMBINE_HIDPI_IMAGES = YES;
				FRAMEWORK_SEARCH_PATHS = (
					"$(DEVELOPER_FRAMEWORKS_DIR)",
					"$(inherited)",
				);
				INFOPLIST_FILE = RestLadyTests/Info.plist;
				LD_RUNPATH_SEARCH_PATHS = "$(inherited) @executable_path/../Frameworks @loader_path/../Frameworks";
				PRODUCT_NAME = "$(TARGET_NAME)";
				TEST_HOST = "$(BUILT_PRODUCTS_DIR)/RestLady.app/Contents/MacOS/RestLady";
			};
			name = Release;
		};
/* End XCBuildConfiguration section */

/* Begin XCConfigurationList section */
		E2975D061A14C417000A1507 /* Build configuration list for PBXProject "RestLady" */ = {
			isa = XCConfigurationList;
			buildConfigurations = (
				E2975D251A14C417000A1507 /* Debug */,
				E2975D261A14C417000A1507 /* Release */,
			);
			defaultConfigurationIsVisible = 0;
			defaultConfigurationName = Release;
		};
		E2975D271A14C417000A1507 /* Build configuration list for PBXNativeTarget "RestLady" */ = {
			isa = XCConfigurationList;
			buildConfigurations = (
				E2975D281A14C417000A1507 /* Debug */,
				E2975D291A14C417000A1507 /* Release */,
			);
			defaultConfigurationIsVisible = 0;
			defaultConfigurationName = Release;
		};
		E2975D2A1A14C417000A1507 /* Build configuration list for PBXNativeTarget "RestLadyTests" */ = {
			isa = XCConfigurationList;
			buildConfigurations = (
				E2975D2B1A14C417000A1507 /* Debug */,
				E2975D2C1A14C417000A1507 /* Release */,
			);
			defaultConfigurationIsVisible = 0;
			defaultConfigurationName = Release;
		};
/* End XCConfigurationList section */
	};
	rootObject = E2975D031A14C417000A1507 /* Project object */;
}
